
Microsoft Visual Studio Solution File, Format Version 12.00
# Visual Studio Version 16
VisualStudioVersion = 16.0.31112.23
MinimumVisualStudioVersion = 10.0.40219.1
Project("{FAE04EC0-301F-11D3-BF4B-00C04F79EFBC}") = "CyberArk-Ticketing", "CyberArk-Ticketing\CyberArk-Ticketing.csproj", "{F50636CE-3E7B-43C9-9B42-FE40D2185A17}"
EndProject
Global
	GlobalSection(SolutionConfigurationPlatforms) = preSolution
		Debug|Any CPU = Debug|Any CPU
		Release|Any CPU = Release|Any CPU
	EndGlobalSection
	GlobalSection(ProjectConfigurationPlatforms) = postSolution
		{F50636CE-3E7B-43C9-9B42-FE40D2185A17}.Debug|Any CPU.ActiveCfg = Debug|Any CPU
		{F50636CE-3E7B-43C9-9B42-FE40D2185A17}.Debug|Any CPU.Build.0 = Debug|Any CPU
		{F50636CE-3E7B-43C9-9B42-FE40D2185A17}.Release|Any CPU.ActiveCfg = Release|Any CPU
		{F50636CE-3E7B-43C9-9B42-FE40D2185A17}.Release|Any CPU.Build.0 = Release|Any CPU
	EndGlobalSection
	GlobalSection(SolutionProperties) = preSolution
		HideSolutionNode = FALSE
	EndGlobalSection
	GlobalSection(ExtensibilityGlobals) = postSolution
		SolutionGuid = {2D73568C-C84B-4597-9008-F309FE2FC025}
	EndGlobalSection
EndGlobal
